// !$*UTF8*$!
{
	archiveVersion = 1;
	classes = {
	};
	objectVersion = 50;
	objects = {

/* Begin PBXBuildFile section */
		A198E2DE26FA0101009768F8 /* AppDelegate.swift in Sources */ = {isa = PBXBuildFile; fileRef = A198E2DD26FA0101009768F8 /* AppDelegate.swift */; };
		A198E2E026FA0101009768F8 /* SceneDelegate.swift in Sources */ = {isa = PBXBuildFile; fileRef = A198E2DF26FA0101009768F8 /* SceneDelegate.swift */; };
		A198E2E226FA0101009768F8 /* ViewController.swift in Sources */ = {isa = PBXBuildFile; fileRef = A198E2E126FA0101009768F8 /* ViewController.swift */; };
		A198E2E526FA0101009768F8 /* Main.storyboard in Resources */ = {isa = PBXBuildFile; fileRef = A198E2E326FA0101009768F8 /* Main.storyboard */; };
		A198E2E726FA0104009768F8 /* Assets.xcassets in Resources */ = {isa = PBXBuildFile; fileRef = A198E2E626FA0104009768F8 /* Assets.xcassets */; };
		A198E2EA26FA0104009768F8 /* LaunchScreen.storyboard in Resources */ = {isa = PBXBuildFile; fileRef = A198E2E826FA0104009768F8 /* LaunchScreen.storyboard */; };
		A198E2F526FA0104009768F8 /* ZivameTaskTests.swift in Sources */ = {isa = PBXBuildFile; fileRef = A198E2F426FA0104009768F8 /* ZivameTaskTests.swift */; };
		A198E30026FA0104009768F8 /* ZivameTaskUITests.swift in Sources */ = {isa = PBXBuildFile; fileRef = A198E2FF26FA0104009768F8 /* ZivameTaskUITests.swift */; };
/* End PBXBuildFile section */

/* Begin PBXContainerItemProxy section */
		A198E2F126FA0104009768F8 /* PBXContainerItemProxy */ = {
			isa = PBXContainerItemProxy;
			containerPortal = A198E2D226FA0101009768F8 /* Project object */;
			proxyType = 1;
			remoteGlobalIDString = A198E2D926FA0101009768F8;
			remoteInfo = ZivameTask;
		};
		A198E2FC26FA0104009768F8 /* PBXContainerItemProxy */ = {
			isa = PBXContainerItemProxy;
			containerPortal = A198E2D226FA0101009768F8 /* Project object */;
			proxyType = 1;
			remoteGlobalIDString = A198E2D926FA0101009768F8;
			remoteInfo = ZivameTask;
		};
/* End PBXContainerItemProxy section */

/* Begin PBXFileReference section */
		A198E2DA26FA0101009768F8 /* ZivameTask.app */ = {isa = PBXFileReference; explicitFileType = wrapper.application; includeInIndex = 0; path = ZivameTask.app; sourceTree = BUILT_PRODUCTS_DIR; };
		A198E2DD26FA0101009768F8 /* AppDelegate.swift */ = {isa = PBXFileReference; lastKnownFileType = sourcecode.swift; path = AppDelegate.swift; sourceTree = "<group>"; };
		A198E2DF26FA0101009768F8 /* SceneDelegate.swift */ = {isa = PBXFileReference; lastKnownFileType = sourcecode.swift; path = SceneDelegate.swift; sourceTree = "<group>"; };
		A198E2E126FA0101009768F8 /* ViewController.swift */ = {isa = PBXFileReference; lastKnownFileType = sourcecode.swift; path = ViewController.swift; sourceTree = "<group>"; };
		A198E2E426FA0101009768F8 /* Base */ = {isa = PBXFileReference; lastKnownFileType = file.storyboard; name = Base; path = Base.lproj/Main.storyboard; sourceTree = "<group>"; };
		A198E2E626FA0104009768F8 /* Assets.xcassets */ = {isa = PBXFileReference; lastKnownFileType = folder.assetcatalog; path = Assets.xcassets; sourceTree = "<group>"; };
		A198E2E926FA0104009768F8 /* Base */ = {isa = PBXFileReference; lastKnownFileType = file.storyboard; name = Base; path = Base.lproj/LaunchScreen.storyboard; sourceTree = "<group>"; };
		A198E2EB26FA0104009768F8 /* Info.plist */ = {isa = PBXFileReference; lastKnownFileType = text.plist.xml; path = Info.plist; sourceTree = "<group>"; };
		A198E2F026FA0104009768F8 /* ZivameTaskTests.xctest */ = {isa = PBXFileReference; explicitFileType = wrapper.cfbundle; includeInIndex = 0; path = ZivameTaskTests.xctest; sourceTree = BUILT_PRODUCTS_DIR; };
		A198E2F426FA0104009768F8 /* ZivameTaskTests.swift */ = {isa = PBXFileReference; lastKnownFileType = sourcecode.swift; path = ZivameTaskTests.swift; sourceTree = "<group>"; };
		A198E2F626FA0104009768F8 /* Info.plist */ = {isa = PBXFileReference; lastKnownFileType = text.plist.xml; path = Info.plist; sourceTree = "<group>"; };
		A198E2FB26FA0104009768F8 /* ZivameTaskUITests.xctest */ = {isa = PBXFileReference; explicitFileType = wrapper.cfbundle; includeInIndex = 0; path = ZivameTaskUITests.xctest; sourceTree = BUILT_PRODUCTS_DIR; };
		A198E2FF26FA0104009768F8 /* ZivameTaskUITests.swift */ = {isa = PBXFileReference; lastKnownFileType = sourcecode.swift; path = ZivameTaskUITests.swift; sourceTree = "<group>"; };
		A198E30126FA0104009768F8 /* Info.plist */ = {isa = PBXFileReference; lastKnownFileType = text.plist.xml; path = Info.plist; sourceTree = "<group>"; };
/* End PBXFileReference section */

/* Begin PBXFrameworksBuildPhase section */
		A198E2D726FA0101009768F8 /* Frameworks */ = {
			isa = PBXFrameworksBuildPhase;
			buildActionMask = 2147483647;
			files = (
			);
			runOnlyForDeploymentPostprocessing = 0;
		};
		A198E2ED26FA0104009768F8 /* Frameworks */ = {
			isa = PBXFrameworksBuildPhase;
			buildActionMask = 2147483647;
			files = (
			);
			runOnlyForDeploymentPostprocessing = 0;
		};
		A198E2F826FA0104009768F8 /* Frameworks */ = {
			isa = PBXFrameworksBuildPhase;
			buildActionMask = 2147483647;
			files = (
			);
			runOnlyForDeploymentPostprocessing = 0;
		};
/* End PBXFrameworksBuildPhase section */

/* Begin PBXGroup section */
		A198E2D126FA0101009768F8 = {
			isa = PBXGroup;
			children = (
				A198E2DC26FA0101009768F8 /* ZivameTask */,
				A198E2F326FA0104009768F8 /* ZivameTaskTests */,
				A198E2FE26FA0104009768F8 /* ZivameTaskUITests */,
				A198E2DB26FA0101009768F8 /* Products */,
			);
			sourceTree = "<group>";
		};
		A198E2DB26FA0101009768F8 /* Products */ = {
			isa = PBXGroup;
			children = (
				A198E2DA26FA0101009768F8 /* ZivameTask.app */,
				A198E2F026FA0104009768F8 /* ZivameTaskTests.xctest */,
				A198E2FB26FA0104009768F8 /* ZivameTaskUITests.xctest */,
			);
			name = Products;
			sourceTree = "<group>";
		};
		A198E2DC26FA0101009768F8 /* ZivameTask */ = {
			isa = PBXGroup;
			children = (
				A198E2DD26FA0101009768F8 /* AppDelegate.swift */,
				A198E2DF26FA0101009768F8 /* SceneDelegate.swift */,
				A198E2E126FA0101009768F8 /* ViewController.swift */,
				A198E2E326FA0101009768F8 /* Main.storyboard */,
				A198E2E626FA0104009768F8 /* Assets.xcassets */,
				A198E2E826FA0104009768F8 /* LaunchScreen.storyboard */,
				A198E2EB26FA0104009768F8 /* Info.plist */,
			);
			path = ZivameTask;
			sourceTree = "<group>";
		};
		A198E2F326FA0104009768F8 /* ZivameTaskTests */ = {
			isa = PBXGroup;
			children = (
				A198E2F426FA0104009768F8 /* ZivameTaskTests.swift */,
				A198E2F626FA0104009768F8 /* Info.plist */,
			);
			path = ZivameTaskTests;
			sourceTree = "<group>";
		};
		A198E2FE26FA0104009768F8 /* ZivameTaskUITests */ = {
			isa = PBXGroup;
			children = (
				A198E2FF26FA0104009768F8 /* ZivameTaskUITests.swift */,
				A198E30126FA0104009768F8 /* Info.plist */,
			);
			path = ZivameTaskUITests;
			sourceTree = "<group>";
		};
/* End PBXGroup section */

/* Begin PBXNativeTarget section */
		A198E2D926FA0101009768F8 /* ZivameTask */ = {
			isa = PBXNativeTarget;
			buildConfigurationList = A198E30426FA0104009768F8 /* Build configuration list for PBXNativeTarget "ZivameTask" */;
			buildPhases = (
				A198E2D626FA0101009768F8 /* Sources */,
				A198E2D726FA0101009768F8 /* Frameworks */,
				A198E2D826FA0101009768F8 /* Resources */,
			);
			buildRules = (
			);
			dependencies = (
			);
			name = ZivameTask;
			productName = ZivameTask;
			productReference = A198E2DA26FA0101009768F8 /* ZivameTask.app */;
			productType = "com.apple.product-type.application";
		};
		A198E2EF26FA0104009768F8 /* ZivameTaskTests */ = {
			isa = PBXNativeTarget;
			buildConfigurationList = A198E30726FA0104009768F8 /* Build configuration list for PBXNativeTarget "ZivameTaskTests" */;
			buildPhases = (
				A198E2EC26FA0104009768F8 /* Sources */,
				A198E2ED26FA0104009768F8 /* Frameworks */,
				A198E2EE26FA0104009768F8 /* Resources */,
			);
			buildRules = (
			);
			dependencies = (
				A198E2F226FA0104009768F8 /* PBXTargetDependency */,
			);
			name = ZivameTaskTests;
			productName = ZivameTaskTests;
			productReference = A198E2F026FA0104009768F8 /* ZivameTaskTests.xctest */;
			productType = "com.apple.product-type.bundle.unit-test";
		};
		A198E2FA26FA0104009768F8 /* ZivameTaskUITests */ = {
			isa = PBXNativeTarget;
			buildConfigurationList = A198E30A26FA0104009768F8 /* Build configuration list for PBXNativeTarget "ZivameTaskUITests" */;
			buildPhases = (
				A198E2F726FA0104009768F8 /* Sources */,
				A198E2F826FA0104009768F8 /* Frameworks */,
				A198E2F926FA0104009768F8 /* Resources */,
			);
			buildRules = (
			);
			dependencies = (
				A198E2FD26FA0104009768F8 /* PBXTargetDependency */,
			);
			name = ZivameTaskUITests;
			productName = ZivameTaskUITests;
			productReference = A198E2FB26FA0104009768F8 /* ZivameTaskUITests.xctest */;
			productType = "com.apple.product-type.bundle.ui-testing";
		};
/* End PBXNativeTarget section */

/* Begin PBXProject section */
		A198E2D226FA0101009768F8 /* Project object */ = {
			isa = PBXProject;
			attributes = {
				LastSwiftUpdateCheck = 1250;
				LastUpgradeCheck = 1250;
				TargetAttributes = {
					A198E2D926FA0101009768F8 = {
						CreatedOnToolsVersion = 12.5.1;
					};
					A198E2EF26FA0104009768F8 = {
						CreatedOnToolsVersion = 12.5.1;
						TestTargetID = A198E2D926FA0101009768F8;
					};
					A198E2FA26FA0104009768F8 = {
						CreatedOnToolsVersion = 12.5.1;
						TestTargetID = A198E2D926FA0101009768F8;
					};
				};
			};
			buildConfigurationList = A198E2D526FA0101009768F8 /* Build configuration list for PBXProject "ZivameTask" */;
			compatibilityVersion = "Xcode 9.3";
			developmentRegion = en;
			hasScannedForEncodings = 0;
			knownRegions = (
				en,
				Base,
			);
			mainGroup = A198E2D126FA0101009768F8;
			productRefGroup = A198E2DB26FA0101009768F8 /* Products */;
			projectDirPath = "";
			projectRoot = "";
			targets = (
				A198E2D926FA0101009768F8 /* ZivameTask */,
				A198E2EF26FA0104009768F8 /* ZivameTaskTests */,
				A198E2FA26FA0104009768F8 /* ZivameTaskUITests */,
			);
		};
/* End PBXProject section */

/* Begin PBXResourcesBuildPhase section */
		A198E2D826FA0101009768F8 /* Resources */ = {
			isa = PBXResourcesBuildPhase;
			buildActionMask = 2147483647;
			files = (
				A198E2EA26FA0104009768F8 /* LaunchScreen.storyboard in Resources */,
				A198E2E726FA0104009768F8 /* Assets.xcassets in Resources */,
				A198E2E526FA0101009768F8 /* Main.storyboard in Resources */,
			);
			runOnlyForDeploymentPostprocessing = 0;
		};
		A198E2EE26FA0104009768F8 /* Resources */ = {
			isa = PBXResourcesBuildPhase;
			buildActionMask = 2147483647;
			files = (
			);
			runOnlyForDeploymentPostprocessing = 0;
		};
		A198E2F926FA0104009768F8 /* Resources */ = {
			isa = PBXResourcesBuildPhase;
			buildActionMask = 2147483647;
			files = (
			);
			runOnlyForDeploymentPostprocessing = 0;
		};
/* End PBXResourcesBuildPhase section */

/* Begin PBXSourcesBuildPhase section */
		A198E2D626FA0101009768F8 /* Sources */ = {
			isa = PBXSourcesBuildPhase;
			buildActionMask = 2147483647;
			files = (
				A198E2E226FA0101009768F8 /* ViewController.swift in Sources */,
				A198E2DE26FA0101009768F8 /* AppDelegate.swift in Sources */,
				A198E2E026FA0101009768F8 /* SceneDelegate.swift in Sources */,
			);
			runOnlyForDeploymentPostprocessing = 0;
		};
		A198E2EC26FA0104009768F8 /* Sources */ = {
			isa = PBXSourcesBuildPhase;
			buildActionMask = 2147483647;
			files = (
				A198E2F526FA0104009768F8 /* ZivameTaskTests.swift in Sources */,
			);
			runOnlyForDeploymentPostprocessing = 0;
		};
		A198E2F726FA0104009768F8 /* Sources */ = {
			isa = PBXSourcesBuildPhase;
			buildActionMask = 2147483647;
			files = (
				A198E30026FA0104009768F8 /* ZivameTaskUITests.swift in Sources */,
			);
			runOnlyForDeploymentPostprocessing = 0;
		};
/* End PBXSourcesBuildPhase section */

/* Begin PBXTargetDependency section */
		A198E2F226FA0104009768F8 /* PBXTargetDependency */ = {
			isa = PBXTargetDependency;
			target = A198E2D926FA0101009768F8 /* ZivameTask */;
			targetProxy = A198E2F126FA0104009768F8 /* PBXContainerItemProxy */;
		};
		A198E2FD26FA0104009768F8 /* PBXTargetDependency */ = {
			isa = PBXTargetDependency;
			target = A198E2D926FA0101009768F8 /* ZivameTask */;
			targetProxy = A198E2FC26FA0104009768F8 /* PBXContainerItemProxy */;
		};
/* End PBXTargetDependency section */

/* Begin PBXVariantGroup section */
		A198E2E326FA0101009768F8 /* Main.storyboard */ = {
			isa = PBXVariantGroup;
			children = (
				A198E2E426FA0101009768F8 /* Base */,
			);
			name = Main.storyboard;
			sourceTree = "<group>";
		};
		A198E2E826FA0104009768F8 /* LaunchScreen.storyboard */ = {
			isa = PBXVariantGroup;
			children = (
				A198E2E926FA0104009768F8 /* Base */,
			);
			name = LaunchScreen.storyboard;
			sourceTree = "<group>";
		};
/* End PBXVariantGroup section */

/* Begin XCBuildConfiguration section */
		A198E30226FA0104009768F8 /* Debug */ = {
			isa = XCBuildConfiguration;
			buildSettings = {
				ALWAYS_SEARCH_USER_PATHS = NO;
				CLANG_ANALYZER_NONNULL = YES;
				CLANG_ANALYZER_NUMBER_OBJECT_CONVERSION = YES_AGGRESSIVE;
				CLANG_CXX_LANGUAGE_STANDARD = "gnu++14";
				CLANG_CXX_LIBRARY = "libc++";
				CLANG_ENABLE_MODULES = YES;
				CLANG_ENABLE_OBJC_ARC = YES;
				CLANG_ENABLE_OBJC_WEAK = YES;
				CLANG_WARN_BLOCK_CAPTURE_AUTORELEASING = YES;
				CLANG_WARN_BOOL_CONVERSION = YES;
				CLANG_WARN_COMMA = YES;
				CLANG_WARN_CONSTANT_CONVERSION = YES;
				CLANG_WARN_DEPRECATED_OBJC_IMPLEMENTATIONS = YES;
				CLANG_WARN_DIRECT_OBJC_ISA_USAGE = YES_ERROR;
				CLANG_WARN_DOCUMENTATION_COMMENTS = YES;
				CLANG_WARN_EMPTY_BODY = YES;
				CLANG_WARN_ENUM_CONVERSION = YES;
				CLANG_WARN_INFINITE_RECURSION = YES;
				CLANG_WARN_INT_CONVERSION = YES;
				CLANG_WARN_NON_LITERAL_NULL_CONVERSION = YES;
				CLANG_WARN_OBJC_IMPLICIT_RETAIN_SELF = YES;
				CLANG_WARN_OBJC_LITERAL_CONVERSION = YES;
				CLANG_WARN_OBJC_ROOT_CLASS = YES_ERROR;
				CLANG_WARN_QUOTED_INCLUDE_IN_FRAMEWORK_HEADER = YES;
				CLANG_WARN_RANGE_LOOP_ANALYSIS = YES;
				CLANG_WARN_STRICT_PROTOTYPES = YES;
				CLANG_WARN_SUSPICIOUS_MOVE = YES;
				CLANG_WARN_UNGUARDED_AVAILABILITY = YES_AGGRESSIVE;
				CLANG_WARN_UNREACHABLE_CODE = YES;
				CLANG_WARN__DUPLICATE_METHOD_MATCH = YES;
				COPY_PHASE_STRIP = NO;
				DEBUG_INFORMATION_FORMAT = dwarf;
				ENABLE_STRICT_OBJC_MSGSEND = YES;
				ENABLE_TESTABILITY = YES;
				GCC_C_LANGUAGE_STANDARD = gnu11;
				GCC_DYNAMIC_NO_PIC = NO;
				GCC_NO_COMMON_BLOCKS = YES;
				GCC_OPTIMIZATION_LEVEL = 0;
				GCC_PREPROCESSOR_DEFINITIONS = (
					"DEBUG=1",
					"$(inherited)",
				);
				GCC_WARN_64_TO_32_BIT_CONVERSION = YES;
				GCC_WARN_ABOUT_RETURN_TYPE = YES_ERROR;
				GCC_WARN_UNDECLARED_SELECTOR = YES;
				GCC_WARN_UNINITIALIZED_AUTOS = YES_AGGRESSIVE;
				GCC_WARN_UNUSED_FUNCTION = YES;
				GCC_WARN_UNUSED_VARIABLE = YES;
				IPHONEOS_DEPLOYMENT_TARGET = 14.5;
				MTL_ENABLE_DEBUG_INFO = INCLUDE_SOURCE;
				MTL_FAST_MATH = YES;
				ONLY_ACTIVE_ARCH = YES;
				SDKROOT = iphoneos;
				SWIFT_ACTIVE_COMPILATION_CONDITIONS = DEBUG;
				SWIFT_OPTIMIZATION_LEVEL = "-Onone";
			};
			name = Debug;
		};
		A198E30326FA0104009768F8 /* Release */ = {
			isa = XCBuildConfiguration;
			buildSettings = {
				ALWAYS_SEARCH_USER_PATHS = NO;
				CLANG_ANALYZER_NONNULL = YES;
				CLANG_ANALYZER_NUMBER_OBJECT_CONVERSION = YES_AGGRESSIVE;
				CLANG_CXX_LANGUAGE_STANDARD = "gnu++14";
				CLANG_CXX_LIBRARY = "libc++";
				CLANG_ENABLE_MODULES = YES;
				CLANG_ENABLE_OBJC_ARC = YES;
				CLANG_ENABLE_OBJC_WEAK = YES;
				CLANG_WARN_BLOCK_CAPTURE_AUTORELEASING = YES;
				CLANG_WARN_BOOL_CONVERSION = YES;
				CLANG_WARN_COMMA = YES;
				CLANG_WARN_CONSTANT_CONVERSION = YES;
				CLANG_WARN_DEPRECATED_OBJC_IMPLEMENTATIONS = YES;
				CLANG_WARN_DIRECT_OBJC_ISA_USAGE = YES_ERROR;
				CLANG_WARN_DOCUMENTATION_COMMENTS = YES;
				CLANG_WARN_EMPTY_BODY = YES;
				CLANG_WARN_ENUM_CONVERSION = YES;
				CLANG_WARN_INFINITE_RECURSION = YES;
				CLANG_WARN_INT_CONVERSION = YES;
				CLANG_WARN_NON_LITERAL_NULL_CONVERSION = YES;
				CLANG_WARN_OBJC_IMPLICIT_RETAIN_SELF = YES;
				CLANG_WARN_OBJC_LITERAL_CONVERSION = YES;
				CLANG_WARN_OBJC_ROOT_CLASS = YES_ERROR;
				CLANG_WARN_QUOTED_INCLUDE_IN_FRAMEWORK_HEADER = YES;
				CLANG_WARN_RANGE_LOOP_ANALYSIS = YES;
				CLANG_WARN_STRICT_PROTOTYPES = YES;
				CLANG_WARN_SUSPICIOUS_MOVE = YES;
				CLANG_WARN_UNGUARDED_AVAILABILITY = YES_AGGRESSIVE;
				CLANG_WARN_UNREACHABLE_CODE = YES;
				CLANG_WARN__DUPLICATE_METHOD_MATCH = YES;
				COPY_PHASE_STRIP = NO;
				DEBUG_INFORMATION_FORMAT = "dwarf-with-dsym";
				ENABLE_NS_ASSERTIONS = NO;
				ENABLE_STRICT_OBJC_MSGSEND = YES;
				GCC_C_LANGUAGE_STANDARD = gnu11;
				GCC_NO_COMMON_BLOCKS = YES;
				GCC_WARN_64_TO_32_BIT_CONVERSION = YES;
				GCC_WARN_ABOUT_RETURN_TYPE = YES_ERROR;
				GCC_WARN_UNDECLARED_SELECTOR = YES;
				GCC_WARN_UNINITIALIZED_AUTOS = YES_AGGRESSIVE;
				GCC_WARN_UNUSED_FUNCTION = YES;
				GCC_WARN_UNUSED_VARIABLE = YES;
				IPHONEOS_DEPLOYMENT_TARGET = 14.5;
				MTL_ENABLE_DEBUG_INFO = NO;
				MTL_FAST_MATH = YES;
				SDKROOT = iphoneos;
				SWIFT_COMPILATION_MODE = wholemodule;
				SWIFT_OPTIMIZATION_LEVEL = "-O";
				VALIDATE_PRODUCT = YES;
			};
			name = Release;
		};
		A198E30526FA0104009768F8 /* Debug */ = {
			isa = XCBuildConfiguration;
			buildSettings = {
				ASSETCATALOG_COMPILER_APPICON_NAME = AppIcon;
				ASSETCATALOG_COMPILER_GLOBAL_ACCENT_COLOR_NAME = AccentColor;
				CODE_SIGN_STYLE = Automatic;
				INFOPLIST_FILE = ZivameTask/Info.plist;
				LD_RUNPATH_SEARCH_PATHS = (
					"$(inherited)",
					"@executable_path/Frameworks",
				);
				PRODUCT_BUNDLE_IDENTIFIER = People10.ZivameTask;
				PRODUCT_NAME = "$(TARGET_NAME)";
				SWIFT_VERSION = 5.0;
				TARGETED_DEVICE_FAMILY = "1,2";
			};
			name = Debug;
		};
		A198E30626FA0104009768F8 /* Release */ = {
			isa = XCBuildConfiguration;
			buildSettings = {
				ASSETCATALOG_COMPILER_APPICON_NAME = AppIcon;
				ASSETCATALOG_COMPILER_GLOBAL_ACCENT_COLOR_NAME = AccentColor;
				CODE_SIGN_STYLE = Automatic;
				INFOPLIST_FILE = ZivameTask/Info.plist;
				LD_RUNPATH_SEARCH_PATHS = (
					"$(inherited)",
					"@executable_path/Frameworks",
				);
				PRODUCT_BUNDLE_IDENTIFIER = People10.ZivameTask;
				PRODUCT_NAME = "$(TARGET_NAME)";
				SWIFT_VERSION = 5.0;
				TARGETED_DEVICE_FAMILY = "1,2";
			};
			name = Release;
		};
		A198E30826FA0104009768F8 /* Debug */ = {
			isa = XCBuildConfiguration;
			buildSettings = {
				ALWAYS_EMBED_SWIFT_STANDARD_LIBRARIES = YES;
				BUNDLE_LOADER = "$(TEST_HOST)";
				CODE_SIGN_STYLE = Automatic;
				INFOPLIST_FILE = ZivameTaskTests/Info.plist;
				IPHONEOS_DEPLOYMENT_TARGET = 14.5;
				LD_RUNPATH_SEARCH_PATHS = (
					"$(inherited)",
					"@executable_path/Frameworks",
					"@loader_path/Frameworks",
				);
				PRODUCT_BUNDLE_IDENTIFIER = People10.ZivameTaskTests;
				PRODUCT_NAME = "$(TARGET_NAME)";
				SWIFT_VERSION = 5.0;
				TARGETED_DEVICE_FAMILY = "1,2";
				TEST_HOST = "$(BUILT_PRODUCTS_DIR)/ZivameTask.app/ZivameTask";
			};
			name = Debug;
		};
		A198E30926FA0104009768F8 /* Release */ = {
			isa = XCBuildConfiguration;
			buildSettings = {
				ALWAYS_EMBED_SWIFT_STANDARD_LIBRARIES = YES;
				BUNDLE_LOADER = "$(TEST_HOST)";
				CODE_SIGN_STYLE = Automatic;
				INFOPLIST_FILE = ZivameTaskTests/Info.plist;
				IPHONEOS_DEPLOYMENT_TARGET = 14.5;
				LD_RUNPATH_SEARCH_PATHS = (
					"$(inherited)",
					"@executable_path/Frameworks",
					"@loader_path/Frameworks",
				);
				PRODUCT_BUNDLE_IDENTIFIER = People10.ZivameTaskTests;
				PRODUCT_NAME = "$(TARGET_NAME)";
				SWIFT_VERSION = 5.0;
				TARGETED_DEVICE_FAMILY = "1,2";
				TEST_HOST = "$(BUILT_PRODUCTS_DIR)/ZivameTask.app/ZivameTask";
			};
			name = Release;
		};
		A198E30B26FA0104009768F8 /* Debug */ = {
			isa = XCBuildConfiguration;
			buildSettings = {
				ALWAYS_EMBED_SWIFT_STANDARD_LIBRARIES = YES;
				CODE_SIGN_STYLE = Automatic;
				INFOPLIST_FILE = ZivameTaskUITests/Info.plist;
				LD_RUNPATH_SEARCH_PATHS = (
					"$(inherited)",
					"@executable_path/Frameworks",
					"@loader_path/Frameworks",
				);
				PRODUCT_BUNDLE_IDENTIFIER = People10.ZivameTaskUITests;
				PRODUCT_NAME = "$(TARGET_NAME)";
				SWIFT_VERSION = 5.0;
				TARGETED_DEVICE_FAMILY = "1,2";
				TEST_TARGET_NAME = ZivameTask;
			};
			name = Debug;
		};
		A198E30C26FA0104009768F8 /* Release */ = {
			isa = XCBuildConfiguration;
			buildSettings = {
				ALWAYS_EMBED_SWIFT_STANDARD_LIBRARIES = YES;
				CODE_SIGN_STYLE = Automatic;
				INFOPLIST_FILE = ZivameTaskUITests/Info.plist;
				LD_RUNPATH_SEARCH_PATHS = (
					"$(inherited)",
					"@executable_path/Frameworks",
					"@loader_path/Frameworks",
				);
				PRODUCT_BUNDLE_IDENTIFIER = People10.ZivameTaskUITests;
				PRODUCT_NAME = "$(TARGET_NAME)";
				SWIFT_VERSION = 5.0;
				TARGETED_DEVICE_FAMILY = "1,2";
				TEST_TARGET_NAME = ZivameTask;
			};
			name = Release;
		};
/* End XCBuildConfiguration section */

/* Begin XCConfigurationList section */
		A198E2D526FA0101009768F8 /* Build configuration list for PBXProject "ZivameTask" */ = {
			isa = XCConfigurationList;
			buildConfigurations = (
				A198E30226FA0104009768F8 /* Debug */,
				A198E30326FA0104009768F8 /* Release */,
			);
			defaultConfigurationIsVisible = 0;
			defaultConfigurationName = Release;
		};
		A198E30426FA0104009768F8 /* Build configuration list for PBXNativeTarget "ZivameTask" */ = {
			isa = XCConfigurationList;
			buildConfigurations = (
				A198E30526FA0104009768F8 /* Debug */,
				A198E30626FA0104009768F8 /* Release */,
			);
			defaultConfigurationIsVisible = 0;
			defaultConfigurationName = Release;
		};
		A198E30726FA0104009768F8 /* Build configuration list for PBXNativeTarget "ZivameTaskTests" */ = {
			isa = XCConfigurationList;
			buildConfigurations = (
				A198E30826FA0104009768F8 /* Debug */,
				A198E30926FA0104009768F8 /* Release */,
			);
			defaultConfigurationIsVisible = 0;
			defaultConfigurationName = Release;
		};
		A198E30A26FA0104009768F8 /* Build configuration list for PBXNativeTarget "ZivameTaskUITests" */ = {
			isa = XCConfigurationList;
			buildConfigurations = (
				A198E30B26FA0104009768F8 /* Debug */,
				A198E30C26FA0104009768F8 /* Release */,
			);
			defaultConfigurationIsVisible = 0;
			defaultConfigurationName = Release;
		};
/* End XCConfigurationList section */
	};
	rootObject = A198E2D226FA0101009768F8 /* Project object */;
}
