// !$*UTF8*$!
{
	archiveVersion = 1;
	classes = {
	};
	objectVersion = 50;
	objects = {

/* Begin PBXBuildFile section */
		A15EAC7126FE314B00B52177 /* ResourceUnitTests.swift in Sources */ = {isa = PBXBuildFile; fileRef = A15EAC7026FE314B00B52177 /* ResourceUnitTests.swift */; };
		A15EAC7326FE374000B52177 /* CoreDataUnitTesting.swift in Sources */ = {isa = PBXBuildFile; fileRef = A15EAC7226FE374000B52177 /* CoreDataUnitTesting.swift */; };
		A175BF6926FB5B9700626359 /* CartViewController.swift in Sources */ = {isa = PBXBuildFile; fileRef = A175BF6826FB5B9700626359 /* CartViewController.swift */; };
		A175BF6F26FB60A500626359 /* CoreDataStack.swift in Sources */ = {isa = PBXBuildFile; fileRef = A175BF6E26FB60A500626359 /* CoreDataStack.swift */; };
		A175BF7126FB636700626359 /* SuccessViewController.swift in Sources */ = {isa = PBXBuildFile; fileRef = A175BF7026FB636700626359 /* SuccessViewController.swift */; };
		A198E2DE26FA0101009768F8 /* AppDelegate.swift in Sources */ = {isa = PBXBuildFile; fileRef = A198E2DD26FA0101009768F8 /* AppDelegate.swift */; };
		A198E2E026FA0101009768F8 /* SceneDelegate.swift in Sources */ = {isa = PBXBuildFile; fileRef = A198E2DF26FA0101009768F8 /* SceneDelegate.swift */; };
		A198E2E226FA0101009768F8 /* ViewController.swift in Sources */ = {isa = PBXBuildFile; fileRef = A198E2E126FA0101009768F8 /* ViewController.swift */; };
		A198E2E526FA0101009768F8 /* Main.storyboard in Resources */ = {isa = PBXBuildFile; fileRef = A198E2E326FA0101009768F8 /* Main.storyboard */; };
		A198E2E726FA0104009768F8 /* Assets.xcassets in Resources */ = {isa = PBXBuildFile; fileRef = A198E2E626FA0104009768F8 /* Assets.xcassets */; };
		A198E2EA26FA0104009768F8 /* LaunchScreen.storyboard in Resources */ = {isa = PBXBuildFile; fileRef = A198E2E826FA0104009768F8 /* LaunchScreen.storyboard */; };
		A198E2F526FA0104009768F8 /* ZivameTaskTests.swift in Sources */ = {isa = PBXBuildFile; fileRef = A198E2F426FA0104009768F8 /* ZivameTaskTests.swift */; };
		A198E30026FA0104009768F8 /* ZivameTaskUITests.swift in Sources */ = {isa = PBXBuildFile; fileRef = A198E2FF26FA0104009768F8 /* ZivameTaskUITests.swift */; };
		A1AE488826FC763C00413BAA /* PersistentStorage.swift in Sources */ = {isa = PBXBuildFile; fileRef = A1AE488726FC763C00413BAA /* PersistentStorage.swift */; };
		A1AE488B26FC775600413BAA /* DataRepository.swift in Sources */ = {isa = PBXBuildFile; fileRef = A1AE488A26FC775600413BAA /* DataRepository.swift */; };
		A1AE488D26FC7CC200413BAA /* StoreManager.swift in Sources */ = {isa = PBXBuildFile; fileRef = A1AE488C26FC7CC200413BAA /* StoreManager.swift */; };
		A1AE48AB26FC902D00413BAA /* TrackOrder.xcdatamodeld in Sources */ = {isa = PBXBuildFile; fileRef = A1AE48A926FC902D00413BAA /* TrackOrder.xcdatamodeld */; };
		A1AE48B926FCA07800413BAA /* Order+CoreDataClass.swift in Resources */ = {isa = PBXBuildFile; fileRef = A1AE48B526FCA04300413BAA /* Order+CoreDataClass.swift */; };
		A1AE48BA26FCA07800413BAA /* Order+CoreDataProperties.swift in Resources */ = {isa = PBXBuildFile; fileRef = A1AE48B626FCA04300413BAA /* Order+CoreDataProperties.swift */; };
		A1E0738A26FA3BBF00D94F97 /* Extensions.swift in Sources */ = {isa = PBXBuildFile; fileRef = A1E0738926FA3BBF00D94F97 /* Extensions.swift */; };
		A1E0738C26FA3BC600D94F97 /* Constants.swift in Sources */ = {isa = PBXBuildFile; fileRef = A1E0738B26FA3BC600D94F97 /* Constants.swift */; };
		A1E0738E26FA3C5E00D94F97 /* Product.swift in Sources */ = {isa = PBXBuildFile; fileRef = A1E0738D26FA3C5E00D94F97 /* Product.swift */; };
		A1E0739026FA3D4300D94F97 /* ProductViewModel.swift in Sources */ = {isa = PBXBuildFile; fileRef = A1E0738F26FA3D4300D94F97 /* ProductViewModel.swift */; };
		A1E0739426FA3E7700D94F97 /* ProductCell.swift in Sources */ = {isa = PBXBuildFile; fileRef = A1E0739226FA3E7700D94F97 /* ProductCell.swift */; };
		A1E0739526FA3E7700D94F97 /* ProductCell.xib in Resources */ = {isa = PBXBuildFile; fileRef = A1E0739326FA3E7700D94F97 /* ProductCell.xib */; };
		A1E0739826FA3F0400D94F97 /* EndPoints.swift in Sources */ = {isa = PBXBuildFile; fileRef = A1E0739726FA3F0400D94F97 /* EndPoints.swift */; };
		A1E0739A26FA3F0F00D94F97 /* Networking.swift in Sources */ = {isa = PBXBuildFile; fileRef = A1E0739926FA3F0F00D94F97 /* Networking.swift */; };
		A1E0739C26FA464200D94F97 /* Alert.swift in Sources */ = {isa = PBXBuildFile; fileRef = A1E0739B26FA464200D94F97 /* Alert.swift */; };
		A1E0739E26FA468A00D94F97 /* NewsListCellDataSource.swift in Sources */ = {isa = PBXBuildFile; fileRef = A1E0739D26FA468A00D94F97 /* NewsListCellDataSource.swift */; };
		A1E073A026FA471900D94F97 /* UIElementValue.swift in Sources */ = {isa = PBXBuildFile; fileRef = A1E0739F26FA471900D94F97 /* UIElementValue.swift */; };
/* End PBXBuildFile section */

/* Begin PBXContainerItemProxy section */
		A198E2F126FA0104009768F8 /* PBXContainerItemProxy */ = {
			isa = PBXContainerItemProxy;
			containerPortal = A198E2D226FA0101009768F8 /* Project object */;
			proxyType = 1;
			remoteGlobalIDString = A198E2D926FA0101009768F8;
			remoteInfo = ZivameTask;
		};
		A198E2FC26FA0104009768F8 /* PBXContainerItemProxy */ = {
			isa = PBXContainerItemProxy;
			containerPortal = A198E2D226FA0101009768F8 /* Project object */;
			proxyType = 1;
			remoteGlobalIDString = A198E2D926FA0101009768F8;
			remoteInfo = ZivameTask;
		};
/* End PBXContainerItemProxy section */

/* Begin PBXFileReference section */
		A15EAC7026FE314B00B52177 /* ResourceUnitTests.swift */ = {isa = PBXFileReference; lastKnownFileType = sourcecode.swift; path = ResourceUnitTests.swift; sourceTree = "<group>"; };
		A15EAC7226FE374000B52177 /* CoreDataUnitTesting.swift */ = {isa = PBXFileReference; lastKnownFileType = sourcecode.swift; path = CoreDataUnitTesting.swift; sourceTree = "<group>"; };
		A175BF6826FB5B9700626359 /* CartViewController.swift */ = {isa = PBXFileReference; lastKnownFileType = sourcecode.swift; path = CartViewController.swift; sourceTree = "<group>"; };
		A175BF6E26FB60A500626359 /* CoreDataStack.swift */ = {isa = PBXFileReference; fileEncoding = 4; lastKnownFileType = sourcecode.swift; path = CoreDataStack.swift; sourceTree = "<group>"; };
		A175BF7026FB636700626359 /* SuccessViewController.swift */ = {isa = PBXFileReference; lastKnownFileType = sourcecode.swift; path = SuccessViewController.swift; sourceTree = "<group>"; };
		A198E2DA26FA0101009768F8 /* ZivameTask.app */ = {isa = PBXFileReference; explicitFileType = wrapper.application; includeInIndex = 0; path = ZivameTask.app; sourceTree = BUILT_PRODUCTS_DIR; };
		A198E2DD26FA0101009768F8 /* AppDelegate.swift */ = {isa = PBXFileReference; lastKnownFileType = sourcecode.swift; path = AppDelegate.swift; sourceTree = "<group>"; };
		A198E2DF26FA0101009768F8 /* SceneDelegate.swift */ = {isa = PBXFileReference; lastKnownFileType = sourcecode.swift; path = SceneDelegate.swift; sourceTree = "<group>"; };
		A198E2E126FA0101009768F8 /* ViewController.swift */ = {isa = PBXFileReference; lastKnownFileType = sourcecode.swift; path = ViewController.swift; sourceTree = "<group>"; };
		A198E2E426FA0101009768F8 /* Base */ = {isa = PBXFileReference; lastKnownFileType = file.storyboard; name = Base; path = Base.lproj/Main.storyboard; sourceTree = "<group>"; };
		A198E2E626FA0104009768F8 /* Assets.xcassets */ = {isa = PBXFileReference; lastKnownFileType = folder.assetcatalog; path = Assets.xcassets; sourceTree = "<group>"; };
		A198E2E926FA0104009768F8 /* Base */ = {isa = PBXFileReference; lastKnownFileType = file.storyboard; name = Base; path = Base.lproj/LaunchScreen.storyboard; sourceTree = "<group>"; };
		A198E2EB26FA0104009768F8 /* Info.plist */ = {isa = PBXFileReference; lastKnownFileType = text.plist.xml; path = Info.plist; sourceTree = "<group>"; };
		A198E2F026FA0104009768F8 /* ZivameTaskTests.xctest */ = {isa = PBXFileReference; explicitFileType = wrapper.cfbundle; includeInIndex = 0; path = ZivameTaskTests.xctest; sourceTree = BUILT_PRODUCTS_DIR; };
		A198E2F426FA0104009768F8 /* ZivameTaskTests.swift */ = {isa = PBXFileReference; lastKnownFileType = sourcecode.swift; path = ZivameTaskTests.swift; sourceTree = "<group>"; };
		A198E2F626FA0104009768F8 /* Info.plist */ = {isa = PBXFileReference; lastKnownFileType = text.plist.xml; path = Info.plist; sourceTree = "<group>"; };
		A198E2FB26FA0104009768F8 /* ZivameTaskUITests.xctest */ = {isa = PBXFileReference; explicitFileType = wrapper.cfbundle; includeInIndex = 0; path = ZivameTaskUITests.xctest; sourceTree = BUILT_PRODUCTS_DIR; };
		A198E2FF26FA0104009768F8 /* ZivameTaskUITests.swift */ = {isa = PBXFileReference; lastKnownFileType = sourcecode.swift; path = ZivameTaskUITests.swift; sourceTree = "<group>"; };
		A198E30126FA0104009768F8 /* Info.plist */ = {isa = PBXFileReference; lastKnownFileType = text.plist.xml; path = Info.plist; sourceTree = "<group>"; };
		A1AE488726FC763C00413BAA /* PersistentStorage.swift */ = {isa = PBXFileReference; fileEncoding = 4; lastKnownFileType = sourcecode.swift; path = PersistentStorage.swift; sourceTree = "<group>"; };
		A1AE488A26FC775600413BAA /* DataRepository.swift */ = {isa = PBXFileReference; lastKnownFileType = sourcecode.swift; path = DataRepository.swift; sourceTree = "<group>"; };
		A1AE488C26FC7CC200413BAA /* StoreManager.swift */ = {isa = PBXFileReference; lastKnownFileType = sourcecode.swift; path = StoreManager.swift; sourceTree = "<group>"; };
		A1AE48AA26FC902D00413BAA /* TrackOrder.xcdatamodel */ = {isa = PBXFileReference; lastKnownFileType = wrapper.xcdatamodel; path = TrackOrder.xcdatamodel; sourceTree = "<group>"; };
		A1AE48B426FC9FD700413BAA /* TrackOrders.xcdatamodel */ = {isa = PBXFileReference; lastKnownFileType = wrapper.xcdatamodel; path = TrackOrders.xcdatamodel; sourceTree = "<group>"; };
		A1AE48B526FCA04300413BAA /* Order+CoreDataClass.swift */ = {isa = PBXFileReference; lastKnownFileType = sourcecode.swift; name = "Order+CoreDataClass.swift"; path = "ZivameTask/CoreDataSubclasses/Order+CoreDataClass.swift"; sourceTree = "<group>"; };
		A1AE48B626FCA04300413BAA /* Order+CoreDataProperties.swift */ = {isa = PBXFileReference; lastKnownFileType = sourcecode.swift; name = "Order+CoreDataProperties.swift"; path = "ZivameTask/CoreDataSubclasses/Order+CoreDataProperties.swift"; sourceTree = "<group>"; };
		A1E0738926FA3BBF00D94F97 /* Extensions.swift */ = {isa = PBXFileReference; fileEncoding = 4; lastKnownFileType = sourcecode.swift; path = Extensions.swift; sourceTree = "<group>"; };
		A1E0738B26FA3BC600D94F97 /* Constants.swift */ = {isa = PBXFileReference; fileEncoding = 4; lastKnownFileType = sourcecode.swift; path = Constants.swift; sourceTree = "<group>"; };
		A1E0738D26FA3C5E00D94F97 /* Product.swift */ = {isa = PBXFileReference; lastKnownFileType = sourcecode.swift; path = Product.swift; sourceTree = "<group>"; };
		A1E0738F26FA3D4300D94F97 /* ProductViewModel.swift */ = {isa = PBXFileReference; lastKnownFileType = sourcecode.swift; path = ProductViewModel.swift; sourceTree = "<group>"; };
		A1E0739226FA3E7700D94F97 /* ProductCell.swift */ = {isa = PBXFileReference; lastKnownFileType = sourcecode.swift; path = ProductCell.swift; sourceTree = "<group>"; };
		A1E0739326FA3E7700D94F97 /* ProductCell.xib */ = {isa = PBXFileReference; lastKnownFileType = file.xib; path = ProductCell.xib; sourceTree = "<group>"; };
		A1E0739726FA3F0400D94F97 /* EndPoints.swift */ = {isa = PBXFileReference; fileEncoding = 4; lastKnownFileType = sourcecode.swift; path = EndPoints.swift; sourceTree = "<group>"; };
		A1E0739926FA3F0F00D94F97 /* Networking.swift */ = {isa = PBXFileReference; fileEncoding = 4; lastKnownFileType = sourcecode.swift; path = Networking.swift; sourceTree = "<group>"; };
		A1E0739B26FA464200D94F97 /* Alert.swift */ = {isa = PBXFileReference; fileEncoding = 4; lastKnownFileType = sourcecode.swift; path = Alert.swift; sourceTree = "<group>"; };
		A1E0739D26FA468A00D94F97 /* NewsListCellDataSource.swift */ = {isa = PBXFileReference; fileEncoding = 4; lastKnownFileType = sourcecode.swift; path = NewsListCellDataSource.swift; sourceTree = "<group>"; };
		A1E0739F26FA471900D94F97 /* UIElementValue.swift */ = {isa = PBXFileReference; fileEncoding = 4; lastKnownFileType = sourcecode.swift; path = UIElementValue.swift; sourceTree = "<group>"; };
/* End PBXFileReference section */

/* Begin PBXFrameworksBuildPhase section */
		A198E2D726FA0101009768F8 /* Frameworks */ = {
			isa = PBXFrameworksBuildPhase;
			buildActionMask = 2147483647;
			files = (
			);
			runOnlyForDeploymentPostprocessing = 0;
		};
		A198E2ED26FA0104009768F8 /* Frameworks */ = {
			isa = PBXFrameworksBuildPhase;
			buildActionMask = 2147483647;
			files = (
			);
			runOnlyForDeploymentPostprocessing = 0;
		};
		A198E2F826FA0104009768F8 /* Frameworks */ = {
			isa = PBXFrameworksBuildPhase;
			buildActionMask = 2147483647;
			files = (
			);
			runOnlyForDeploymentPostprocessing = 0;
		};
/* End PBXFrameworksBuildPhase section */

/* Begin PBXGroup section */
		A175BF6A26FB5F3000626359 /* Database */ = {
			isa = PBXGroup;
			children = (
				A1AE488726FC763C00413BAA /* PersistentStorage.swift */,
				A175BF6E26FB60A500626359 /* CoreDataStack.swift */,
				A1AE48A926FC902D00413BAA /* TrackOrder.xcdatamodeld */,
			);
			path = Database;
			sourceTree = "<group>";
		};
		A198E2D126FA0101009768F8 = {
			isa = PBXGroup;
			children = (
				A1AE48B526FCA04300413BAA /* Order+CoreDataClass.swift */,
				A1AE48B626FCA04300413BAA /* Order+CoreDataProperties.swift */,
				A198E2DC26FA0101009768F8 /* ZivameTask */,
				A198E2F326FA0104009768F8 /* ZivameTaskTests */,
				A198E2FE26FA0104009768F8 /* ZivameTaskUITests */,
				A198E2DB26FA0101009768F8 /* Products */,
			);
			sourceTree = "<group>";
		};
		A198E2DB26FA0101009768F8 /* Products */ = {
			isa = PBXGroup;
			children = (
				A198E2DA26FA0101009768F8 /* ZivameTask.app */,
				A198E2F026FA0104009768F8 /* ZivameTaskTests.xctest */,
				A198E2FB26FA0104009768F8 /* ZivameTaskUITests.xctest */,
			);
			name = Products;
			sourceTree = "<group>";
		};
		A198E2DC26FA0101009768F8 /* ZivameTask */ = {
			isa = PBXGroup;
			children = (
				A1AE488926FC772700413BAA /* RepositoryDatabase */,
				A175BF6A26FB5F3000626359 /* Database */,
				A1E0739626FA3EF200D94F97 /* Networking  */,
				A1E0739126FA3E5400D94F97 /* UIComponents */,
				A1E0738826FA3BA000D94F97 /* Helper */,
				A1E0738726FA3B7F00D94F97 /* ViewModel */,
				A1E0738626FA3B7500D94F97 /* Model */,
				A1E0738526FA3B6400D94F97 /* Controller */,
				A198E2DD26FA0101009768F8 /* AppDelegate.swift */,
				A198E2DF26FA0101009768F8 /* SceneDelegate.swift */,
				A198E2E326FA0101009768F8 /* Main.storyboard */,
				A198E2E626FA0104009768F8 /* Assets.xcassets */,
				A198E2E826FA0104009768F8 /* LaunchScreen.storyboard */,
				A198E2EB26FA0104009768F8 /* Info.plist */,
			);
			path = ZivameTask;
			sourceTree = "<group>";
		};
		A198E2F326FA0104009768F8 /* ZivameTaskTests */ = {
			isa = PBXGroup;
			children = (
				A198E2F426FA0104009768F8 /* ZivameTaskTests.swift */,
				A198E2F626FA0104009768F8 /* Info.plist */,
				A15EAC7026FE314B00B52177 /* ResourceUnitTests.swift */,
				A15EAC7226FE374000B52177 /* CoreDataUnitTesting.swift */,
			);
			path = ZivameTaskTests;
			sourceTree = "<group>";
		};
		A198E2FE26FA0104009768F8 /* ZivameTaskUITests */ = {
			isa = PBXGroup;
			children = (
				A198E2FF26FA0104009768F8 /* ZivameTaskUITests.swift */,
				A198E30126FA0104009768F8 /* Info.plist */,
			);
			path = ZivameTaskUITests;
			sourceTree = "<group>";
		};
		A1AE488926FC772700413BAA /* RepositoryDatabase */ = {
			isa = PBXGroup;
			children = (
				A1AE488A26FC775600413BAA /* DataRepository.swift */,
				A1AE488C26FC7CC200413BAA /* StoreManager.swift */,
			);
			path = RepositoryDatabase;
			sourceTree = "<group>";
		};
		A1E0738526FA3B6400D94F97 /* Controller */ = {
			isa = PBXGroup;
			children = (
				A198E2E126FA0101009768F8 /* ViewController.swift */,
				A175BF6826FB5B9700626359 /* CartViewController.swift */,
				A175BF7026FB636700626359 /* SuccessViewController.swift */,
			);
			path = Controller;
			sourceTree = "<group>";
		};
		A1E0738626FA3B7500D94F97 /* Model */ = {
			isa = PBXGroup;
			children = (
				A1E0738D26FA3C5E00D94F97 /* Product.swift */,
			);
			path = Model;
			sourceTree = "<group>";
		};
		A1E0738726FA3B7F00D94F97 /* ViewModel */ = {
			isa = PBXGroup;
			children = (
				A1E0739D26FA468A00D94F97 /* NewsListCellDataSource.swift */,
				A1E0738F26FA3D4300D94F97 /* ProductViewModel.swift */,
			);
			path = ViewModel;
			sourceTree = "<group>";
		};
		A1E0738826FA3BA000D94F97 /* Helper */ = {
			isa = PBXGroup;
			children = (
				A1E0738926FA3BBF00D94F97 /* Extensions.swift */,
				A1E0738B26FA3BC600D94F97 /* Constants.swift */,
			);
			path = Helper;
			sourceTree = "<group>";
		};
		A1E0739126FA3E5400D94F97 /* UIComponents */ = {
			isa = PBXGroup;
			children = (
				A1E0739F26FA471900D94F97 /* UIElementValue.swift */,
				A1E0739B26FA464200D94F97 /* Alert.swift */,
				A1E0739226FA3E7700D94F97 /* ProductCell.swift */,
				A1E0739326FA3E7700D94F97 /* ProductCell.xib */,
			);
			path = UIComponents;
			sourceTree = "<group>";
		};
		A1E0739626FA3EF200D94F97 /* Networking  */ = {
			isa = PBXGroup;
			children = (
				A1E0739926FA3F0F00D94F97 /* Networking.swift */,
				A1E0739726FA3F0400D94F97 /* EndPoints.swift */,
			);
			path = "Networking ";
			sourceTree = "<group>";
		};
/* End PBXGroup section */

/* Begin PBXNativeTarget section */
		A198E2D926FA0101009768F8 /* ZivameTask */ = {
			isa = PBXNativeTarget;
			buildConfigurationList = A198E30426FA0104009768F8 /* Build configuration list for PBXNativeTarget "ZivameTask" */;
			buildPhases = (
				A198E2D626FA0101009768F8 /* Sources */,
				A198E2D726FA0101009768F8 /* Frameworks */,
				A198E2D826FA0101009768F8 /* Resources */,
			);
			buildRules = (
			);
			dependencies = (
			);
			name = ZivameTask;
			productName = ZivameTask;
			productReference = A198E2DA26FA0101009768F8 /* ZivameTask.app */;
			productType = "com.apple.product-type.application";
		};
		A198E2EF26FA0104009768F8 /* ZivameTaskTests */ = {
			isa = PBXNativeTarget;
			buildConfigurationList = A198E30726FA0104009768F8 /* Build configuration list for PBXNativeTarget "ZivameTaskTests" */;
			buildPhases = (
				A198E2EC26FA0104009768F8 /* Sources */,
				A198E2ED26FA0104009768F8 /* Frameworks */,
				A198E2EE26FA0104009768F8 /* Resources */,
			);
			buildRules = (
			);
			dependencies = (
				A198E2F226FA0104009768F8 /* PBXTargetDependency */,
			);
			name = ZivameTaskTests;
			productName = ZivameTaskTests;
			productReference = A198E2F026FA0104009768F8 /* ZivameTaskTests.xctest */;
			productType = "com.apple.product-type.bundle.unit-test";
		};
		A198E2FA26FA0104009768F8 /* ZivameTaskUITests */ = {
			isa = PBXNativeTarget;
			buildConfigurationList = A198E30A26FA0104009768F8 /* Build configuration list for PBXNativeTarget "ZivameTaskUITests" */;
			buildPhases = (
				A198E2F726FA0104009768F8 /* Sources */,
				A198E2F826FA0104009768F8 /* Frameworks */,
				A198E2F926FA0104009768F8 /* Resources */,
			);
			buildRules = (
			);
			dependencies = (
				A198E2FD26FA0104009768F8 /* PBXTargetDependency */,
			);
			name = ZivameTaskUITests;
			productName = ZivameTaskUITests;
			productReference = A198E2FB26FA0104009768F8 /* ZivameTaskUITests.xctest */;
			productType = "com.apple.product-type.bundle.ui-testing";
		};
/* End PBXNativeTarget section */

/* Begin PBXProject section */
		A198E2D226FA0101009768F8 /* Project object */ = {
			isa = PBXProject;
			attributes = {
				LastSwiftUpdateCheck = 1250;
				LastUpgradeCheck = 1250;
				TargetAttributes = {
					A198E2D926FA0101009768F8 = {
						CreatedOnToolsVersion = 12.5.1;
					};
					A198E2EF26FA0104009768F8 = {
						CreatedOnToolsVersion = 12.5.1;
						TestTargetID = A198E2D926FA0101009768F8;
					};
					A198E2FA26FA0104009768F8 = {
						CreatedOnToolsVersion = 12.5.1;
						TestTargetID = A198E2D926FA0101009768F8;
					};
				};
			};
			buildConfigurationList = A198E2D526FA0101009768F8 /* Build configuration list for PBXProject "ZivameTask" */;
			compatibilityVersion = "Xcode 9.3";
			developmentRegion = en;
			hasScannedForEncodings = 0;
			knownRegions = (
				en,
				Base,
			);
			mainGroup = A198E2D126FA0101009768F8;
			productRefGroup = A198E2DB26FA0101009768F8 /* Products */;
			projectDirPath = "";
			projectRoot = "";
			targets = (
				A198E2D926FA0101009768F8 /* ZivameTask */,
				A198E2EF26FA0104009768F8 /* ZivameTaskTests */,
				A198E2FA26FA0104009768F8 /* ZivameTaskUITests */,
			);
		};
/* End PBXProject section */

/* Begin PBXResourcesBuildPhase section */
		A198E2D826FA0101009768F8 /* Resources */ = {
			isa = PBXResourcesBuildPhase;
			buildActionMask = 2147483647;
			files = (
				A1AE48B926FCA07800413BAA /* Order+CoreDataClass.swift in Resources */,
				A1AE48BA26FCA07800413BAA /* Order+CoreDataProperties.swift in Resources */,
				A198E2EA26FA0104009768F8 /* LaunchScreen.storyboard in Resources */,
				A1E0739526FA3E7700D94F97 /* ProductCell.xib in Resources */,
				A198E2E726FA0104009768F8 /* Assets.xcassets in Resources */,
				A198E2E526FA0101009768F8 /* Main.storyboard in Resources */,
			);
			runOnlyForDeploymentPostprocessing = 0;
		};
		A198E2EE26FA0104009768F8 /* Resources */ = {
			isa = PBXResourcesBuildPhase;
			buildActionMask = 2147483647;
			files = (
			);
			runOnlyForDeploymentPostprocessing = 0;
		};
		A198E2F926FA0104009768F8 /* Resources */ = {
			isa = PBXResourcesBuildPhase;
			buildActionMask = 2147483647;
			files = (
			);
			runOnlyForDeploymentPostprocessing = 0;
		};
/* End PBXResourcesBuildPhase section */

/* Begin PBXSourcesBuildPhase section */
		A198E2D626FA0101009768F8 /* Sources */ = {
			isa = PBXSourcesBuildPhase;
			buildActionMask = 2147483647;
			files = (
				A1E0739026FA3D4300D94F97 /* ProductViewModel.swift in Sources */,
				A1E073A026FA471900D94F97 /* UIElementValue.swift in Sources */,
				A175BF6926FB5B9700626359 /* CartViewController.swift in Sources */,
				A1AE488D26FC7CC200413BAA /* StoreManager.swift in Sources */,
				A1E0739A26FA3F0F00D94F97 /* Networking.swift in Sources */,
				A1E0739826FA3F0400D94F97 /* EndPoints.swift in Sources */,
				A1E0739E26FA468A00D94F97 /* NewsListCellDataSource.swift in Sources */,
				A1AE488B26FC775600413BAA /* DataRepository.swift in Sources */,
				A1AE48AB26FC902D00413BAA /* TrackOrder.xcdatamodeld in Sources */,
				A1E0738C26FA3BC600D94F97 /* Constants.swift in Sources */,
				A175BF6F26FB60A500626359 /* CoreDataStack.swift in Sources */,
				A1AE488826FC763C00413BAA /* PersistentStorage.swift in Sources */,
				A198E2E226FA0101009768F8 /* ViewController.swift in Sources */,
				A175BF7126FB636700626359 /* SuccessViewController.swift in Sources */,
				A198E2DE26FA0101009768F8 /* AppDelegate.swift in Sources */,
				A198E2E026FA0101009768F8 /* SceneDelegate.swift in Sources */,
				A1E0739426FA3E7700D94F97 /* ProductCell.swift in Sources */,
				A1E0739C26FA464200D94F97 /* Alert.swift in Sources */,
				A1E0738A26FA3BBF00D94F97 /* Extensions.swift in Sources */,
				A1E0738E26FA3C5E00D94F97 /* Product.swift in Sources */,
			);
			runOnlyForDeploymentPostprocessing = 0;
		};
		A198E2EC26FA0104009768F8 /* Sources */ = {
			isa = PBXSourcesBuildPhase;
			buildActionMask = 2147483647;
			files = (
				A198E2F526FA0104009768F8 /* ZivameTaskTests.swift in Sources */,
				A15EAC7326FE374000B52177 /* CoreDataUnitTesting.swift in Sources */,
				A15EAC7126FE314B00B52177 /* ResourceUnitTests.swift in Sources */,
			);
			runOnlyForDeploymentPostprocessing = 0;
		};
		A198E2F726FA0104009768F8 /* Sources */ = {
			isa = PBXSourcesBuildPhase;
			buildActionMask = 2147483647;
			files = (
				A198E30026FA0104009768F8 /* ZivameTaskUITests.swift in Sources */,
			);
			runOnlyForDeploymentPostprocessing = 0;
		};
/* End PBXSourcesBuildPhase section */

/* Begin PBXTargetDependency section */
		A198E2F226FA0104009768F8 /* PBXTargetDependency */ = {
			isa = PBXTargetDependency;
			target = A198E2D926FA0101009768F8 /* ZivameTask */;
			targetProxy = A198E2F126FA0104009768F8 /* PBXContainerItemProxy */;
		};
		A198E2FD26FA0104009768F8 /* PBXTargetDependency */ = {
			isa = PBXTargetDependency;
			target = A198E2D926FA0101009768F8 /* ZivameTask */;
			targetProxy = A198E2FC26FA0104009768F8 /* PBXContainerItemProxy */;
		};
/* End PBXTargetDependency section */

/* Begin PBXVariantGroup section */
		A198E2E326FA0101009768F8 /* Main.storyboard */ = {
			isa = PBXVariantGroup;
			children = (
				A198E2E426FA0101009768F8 /* Base */,
			);
			name = Main.storyboard;
			sourceTree = "<group>";
		};
		A198E2E826FA0104009768F8 /* LaunchScreen.storyboard */ = {
			isa = PBXVariantGroup;
			children = (
				A198E2E926FA0104009768F8 /* Base */,
			);
			name = LaunchScreen.storyboard;
			sourceTree = "<group>";
		};
/* End PBXVariantGroup section */

/* Begin XCBuildConfiguration section */
		A198E30226FA0104009768F8 /* Debug */ = {
			isa = XCBuildConfiguration;
			buildSettings = {
				ALWAYS_SEARCH_USER_PATHS = NO;
				CLANG_ANALYZER_NONNULL = YES;
				CLANG_ANALYZER_NUMBER_OBJECT_CONVERSION = YES_AGGRESSIVE;
				CLANG_CXX_LANGUAGE_STANDARD = "gnu++14";
				CLANG_CXX_LIBRARY = "libc++";
				CLANG_ENABLE_MODULES = YES;
				CLANG_ENABLE_OBJC_ARC = YES;
				CLANG_ENABLE_OBJC_WEAK = YES;
				CLANG_WARN_BLOCK_CAPTURE_AUTORELEASING = YES;
				CLANG_WARN_BOOL_CONVERSION = YES;
				CLANG_WARN_COMMA = YES;
				CLANG_WARN_CONSTANT_CONVERSION = YES;
				CLANG_WARN_DEPRECATED_OBJC_IMPLEMENTATIONS = YES;
				CLANG_WARN_DIRECT_OBJC_ISA_USAGE = YES_ERROR;
				CLANG_WARN_DOCUMENTATION_COMMENTS = YES;
				CLANG_WARN_EMPTY_BODY = YES;
				CLANG_WARN_ENUM_CONVERSION = YES;
				CLANG_WARN_INFINITE_RECURSION = YES;
				CLANG_WARN_INT_CONVERSION = YES;
				CLANG_WARN_NON_LITERAL_NULL_CONVERSION = YES;
				CLANG_WARN_OBJC_IMPLICIT_RETAIN_SELF = YES;
				CLANG_WARN_OBJC_LITERAL_CONVERSION = YES;
				CLANG_WARN_OBJC_ROOT_CLASS = YES_ERROR;
				CLANG_WARN_QUOTED_INCLUDE_IN_FRAMEWORK_HEADER = YES;
				CLANG_WARN_RANGE_LOOP_ANALYSIS = YES;
				CLANG_WARN_STRICT_PROTOTYPES = YES;
				CLANG_WARN_SUSPICIOUS_MOVE = YES;
				CLANG_WARN_UNGUARDED_AVAILABILITY = YES_AGGRESSIVE;
				CLANG_WARN_UNREACHABLE_CODE = YES;
				CLANG_WARN__DUPLICATE_METHOD_MATCH = YES;
				COPY_PHASE_STRIP = NO;
				DEBUG_INFORMATION_FORMAT = dwarf;
				ENABLE_STRICT_OBJC_MSGSEND = YES;
				ENABLE_TESTABILITY = YES;
				GCC_C_LANGUAGE_STANDARD = gnu11;
				GCC_DYNAMIC_NO_PIC = NO;
				GCC_NO_COMMON_BLOCKS = YES;
				GCC_OPTIMIZATION_LEVEL = 0;
				GCC_PREPROCESSOR_DEFINITIONS = (
					"DEBUG=1",
					"$(inherited)",
				);
				GCC_WARN_64_TO_32_BIT_CONVERSION = YES;
				GCC_WARN_ABOUT_RETURN_TYPE = YES_ERROR;
				GCC_WARN_UNDECLARED_SELECTOR = YES;
				GCC_WARN_UNINITIALIZED_AUTOS = YES_AGGRESSIVE;
				GCC_WARN_UNUSED_FUNCTION = YES;
				GCC_WARN_UNUSED_VARIABLE = YES;
				IPHONEOS_DEPLOYMENT_TARGET = 14.5;
				MTL_ENABLE_DEBUG_INFO = INCLUDE_SOURCE;
				MTL_FAST_MATH = YES;
				ONLY_ACTIVE_ARCH = YES;
				SDKROOT = iphoneos;
				SWIFT_ACTIVE_COMPILATION_CONDITIONS = DEBUG;
				SWIFT_OPTIMIZATION_LEVEL = "-Onone";
			};
			name = Debug;
		};
		A198E30326FA0104009768F8 /* Release */ = {
			isa = XCBuildConfiguration;
			buildSettings = {
				ALWAYS_SEARCH_USER_PATHS = NO;
				CLANG_ANALYZER_NONNULL = YES;
				CLANG_ANALYZER_NUMBER_OBJECT_CONVERSION = YES_AGGRESSIVE;
				CLANG_CXX_LANGUAGE_STANDARD = "gnu++14";
				CLANG_CXX_LIBRARY = "libc++";
				CLANG_ENABLE_MODULES = YES;
				CLANG_ENABLE_OBJC_ARC = YES;
				CLANG_ENABLE_OBJC_WEAK = YES;
				CLANG_WARN_BLOCK_CAPTURE_AUTORELEASING = YES;
				CLANG_WARN_BOOL_CONVERSION = YES;
				CLANG_WARN_COMMA = YES;
				CLANG_WARN_CONSTANT_CONVERSION = YES;
				CLANG_WARN_DEPRECATED_OBJC_IMPLEMENTATIONS = YES;
				CLANG_WARN_DIRECT_OBJC_ISA_USAGE = YES_ERROR;
				CLANG_WARN_DOCUMENTATION_COMMENTS = YES;
				CLANG_WARN_EMPTY_BODY = YES;
				CLANG_WARN_ENUM_CONVERSION = YES;
				CLANG_WARN_INFINITE_RECURSION = YES;
				CLANG_WARN_INT_CONVERSION = YES;
				CLANG_WARN_NON_LITERAL_NULL_CONVERSION = YES;
				CLANG_WARN_OBJC_IMPLICIT_RETAIN_SELF = YES;
				CLANG_WARN_OBJC_LITERAL_CONVERSION = YES;
				CLANG_WARN_OBJC_ROOT_CLASS = YES_ERROR;
				CLANG_WARN_QUOTED_INCLUDE_IN_FRAMEWORK_HEADER = YES;
				CLANG_WARN_RANGE_LOOP_ANALYSIS = YES;
				CLANG_WARN_STRICT_PROTOTYPES = YES;
				CLANG_WARN_SUSPICIOUS_MOVE = YES;
				CLANG_WARN_UNGUARDED_AVAILABILITY = YES_AGGRESSIVE;
				CLANG_WARN_UNREACHABLE_CODE = YES;
				CLANG_WARN__DUPLICATE_METHOD_MATCH = YES;
				COPY_PHASE_STRIP = NO;
				DEBUG_INFORMATION_FORMAT = "dwarf-with-dsym";
				ENABLE_NS_ASSERTIONS = NO;
				ENABLE_STRICT_OBJC_MSGSEND = YES;
				GCC_C_LANGUAGE_STANDARD = gnu11;
				GCC_NO_COMMON_BLOCKS = YES;
				GCC_WARN_64_TO_32_BIT_CONVERSION = YES;
				GCC_WARN_ABOUT_RETURN_TYPE = YES_ERROR;
				GCC_WARN_UNDECLARED_SELECTOR = YES;
				GCC_WARN_UNINITIALIZED_AUTOS = YES_AGGRESSIVE;
				GCC_WARN_UNUSED_FUNCTION = YES;
				GCC_WARN_UNUSED_VARIABLE = YES;
				IPHONEOS_DEPLOYMENT_TARGET = 14.5;
				MTL_ENABLE_DEBUG_INFO = NO;
				MTL_FAST_MATH = YES;
				SDKROOT = iphoneos;
				SWIFT_COMPILATION_MODE = wholemodule;
				SWIFT_OPTIMIZATION_LEVEL = "-O";
				VALIDATE_PRODUCT = YES;
			};
			name = Release;
		};
		A198E30526FA0104009768F8 /* Debug */ = {
			isa = XCBuildConfiguration;
			buildSettings = {
				ASSETCATALOG_COMPILER_APPICON_NAME = AppIcon;
				ASSETCATALOG_COMPILER_GLOBAL_ACCENT_COLOR_NAME = AccentColor;
				CODE_SIGN_STYLE = Automatic;
				INFOPLIST_FILE = ZivameTask/Info.plist;
				LD_RUNPATH_SEARCH_PATHS = (
					"$(inherited)",
					"@executable_path/Frameworks",
				);
				PRODUCT_BUNDLE_IDENTIFIER = People10.ZivameTask;
				PRODUCT_NAME = "$(TARGET_NAME)";
				SWIFT_VERSION = 5.0;
				TARGETED_DEVICE_FAMILY = "1,2";
			};
			name = Debug;
		};
		A198E30626FA0104009768F8 /* Release */ = {
			isa = XCBuildConfiguration;
			buildSettings = {
				ASSETCATALOG_COMPILER_APPICON_NAME = AppIcon;
				ASSETCATALOG_COMPILER_GLOBAL_ACCENT_COLOR_NAME = AccentColor;
				CODE_SIGN_STYLE = Automatic;
				INFOPLIST_FILE = ZivameTask/Info.plist;
				LD_RUNPATH_SEARCH_PATHS = (
					"$(inherited)",
					"@executable_path/Frameworks",
				);
				PRODUCT_BUNDLE_IDENTIFIER = People10.ZivameTask;
				PRODUCT_NAME = "$(TARGET_NAME)";
				SWIFT_VERSION = 5.0;
				TARGETED_DEVICE_FAMILY = "1,2";
			};
			name = Release;
		};
		A198E30826FA0104009768F8 /* Debug */ = {
			isa = XCBuildConfiguration;
			buildSettings = {
				ALWAYS_EMBED_SWIFT_STANDARD_LIBRARIES = YES;
				BUNDLE_LOADER = "$(TEST_HOST)";
				CODE_SIGN_STYLE = Automatic;
				INFOPLIST_FILE = ZivameTaskTests/Info.plist;
				IPHONEOS_DEPLOYMENT_TARGET = 14.5;
				LD_RUNPATH_SEARCH_PATHS = (
					"$(inherited)",
					"@executable_path/Frameworks",
					"@loader_path/Frameworks",
				);
				PRODUCT_BUNDLE_IDENTIFIER = People10.ZivameTaskTests;
				PRODUCT_NAME = "$(TARGET_NAME)";
				SWIFT_VERSION = 5.0;
				TARGETED_DEVICE_FAMILY = "1,2";
				TEST_HOST = "$(BUILT_PRODUCTS_DIR)/ZivameTask.app/ZivameTask";
			};
			name = Debug;
		};
		A198E30926FA0104009768F8 /* Release */ = {
			isa = XCBuildConfiguration;
			buildSettings = {
				ALWAYS_EMBED_SWIFT_STANDARD_LIBRARIES = YES;
				BUNDLE_LOADER = "$(TEST_HOST)";
				CODE_SIGN_STYLE = Automatic;
				INFOPLIST_FILE = ZivameTaskTests/Info.plist;
				IPHONEOS_DEPLOYMENT_TARGET = 14.5;
				LD_RUNPATH_SEARCH_PATHS = (
					"$(inherited)",
					"@executable_path/Frameworks",
					"@loader_path/Frameworks",
				);
				PRODUCT_BUNDLE_IDENTIFIER = People10.ZivameTaskTests;
				PRODUCT_NAME = "$(TARGET_NAME)";
				SWIFT_VERSION = 5.0;
				TARGETED_DEVICE_FAMILY = "1,2";
				TEST_HOST = "$(BUILT_PRODUCTS_DIR)/ZivameTask.app/ZivameTask";
			};
			name = Release;
		};
		A198E30B26FA0104009768F8 /* Debug */ = {
			isa = XCBuildConfiguration;
			buildSettings = {
				ALWAYS_EMBED_SWIFT_STANDARD_LIBRARIES = YES;
				CODE_SIGN_STYLE = Automatic;
				INFOPLIST_FILE = ZivameTaskUITests/Info.plist;
				LD_RUNPATH_SEARCH_PATHS = (
					"$(inherited)",
					"@executable_path/Frameworks",
					"@loader_path/Frameworks",
				);
				PRODUCT_BUNDLE_IDENTIFIER = People10.ZivameTaskUITests;
				PRODUCT_NAME = "$(TARGET_NAME)";
				SWIFT_VERSION = 5.0;
				TARGETED_DEVICE_FAMILY = "1,2";
				TEST_TARGET_NAME = ZivameTask;
			};
			name = Debug;
		};
		A198E30C26FA0104009768F8 /* Release */ = {
			isa = XCBuildConfiguration;
			buildSettings = {
				ALWAYS_EMBED_SWIFT_STANDARD_LIBRARIES = YES;
				CODE_SIGN_STYLE = Automatic;
				INFOPLIST_FILE = ZivameTaskUITests/Info.plist;
				LD_RUNPATH_SEARCH_PATHS = (
					"$(inherited)",
					"@executable_path/Frameworks",
					"@loader_path/Frameworks",
				);
				PRODUCT_BUNDLE_IDENTIFIER = People10.ZivameTaskUITests;
				PRODUCT_NAME = "$(TARGET_NAME)";
				SWIFT_VERSION = 5.0;
				TARGETED_DEVICE_FAMILY = "1,2";
				TEST_TARGET_NAME = ZivameTask;
			};
			name = Release;
		};
/* End XCBuildConfiguration section */

/* Begin XCConfigurationList section */
		A198E2D526FA0101009768F8 /* Build configuration list for PBXProject "ZivameTask" */ = {
			isa = XCConfigurationList;
			buildConfigurations = (
				A198E30226FA0104009768F8 /* Debug */,
				A198E30326FA0104009768F8 /* Release */,
			);
			defaultConfigurationIsVisible = 0;
			defaultConfigurationName = Release;
		};
		A198E30426FA0104009768F8 /* Build configuration list for PBXNativeTarget "ZivameTask" */ = {
			isa = XCConfigurationList;
			buildConfigurations = (
				A198E30526FA0104009768F8 /* Debug */,
				A198E30626FA0104009768F8 /* Release */,
			);
			defaultConfigurationIsVisible = 0;
			defaultConfigurationName = Release;
		};
		A198E30726FA0104009768F8 /* Build configuration list for PBXNativeTarget "ZivameTaskTests" */ = {
			isa = XCConfigurationList;
			buildConfigurations = (
				A198E30826FA0104009768F8 /* Debug */,
				A198E30926FA0104009768F8 /* Release */,
			);
			defaultConfigurationIsVisible = 0;
			defaultConfigurationName = Release;
		};
		A198E30A26FA0104009768F8 /* Build configuration list for PBXNativeTarget "ZivameTaskUITests" */ = {
			isa = XCConfigurationList;
			buildConfigurations = (
				A198E30B26FA0104009768F8 /* Debug */,
				A198E30C26FA0104009768F8 /* Release */,
			);
			defaultConfigurationIsVisible = 0;
			defaultConfigurationName = Release;
		};
/* End XCConfigurationList section */

/* Begin XCVersionGroup section */
		A1AE48A926FC902D00413BAA /* TrackOrder.xcdatamodeld */ = {
			isa = XCVersionGroup;
			children = (
				A1AE48B426FC9FD700413BAA /* TrackOrders.xcdatamodel */,
				A1AE48AA26FC902D00413BAA /* TrackOrder.xcdatamodel */,
			);
			currentVersion = A1AE48B426FC9FD700413BAA /* TrackOrders.xcdatamodel */;
			path = TrackOrder.xcdatamodeld;
			sourceTree = "<group>";
			versionGroupType = wrapper.xcdatamodel;
		};
/* End XCVersionGroup section */
	};
	rootObject = A198E2D226FA0101009768F8 /* Project object */;
}
